
Microsoft Visual Studio Solution File, Format Version 12.00
# Visual Studio 15
VisualStudioVersion = 15.0.28307.102
MinimumVisualStudioVersion = 10.0.40219.1
Project("{FAE04EC0-301F-11D3-BF4B-00C04F79EFBC}") = "MagicManager", "MagicManager\MagicManager.csproj", "{D1C5998E-9152-447C-8907-5D384305C15D}"
EndProject
Global
	GlobalSection(SolutionConfigurationPlatforms) = preSolution
		Debug|Any CPU = Debug|Any CPU
		Release|Any CPU = Release|Any CPU
	EndGlobalSection
	GlobalSection(ProjectConfigurationPlatforms) = postSolution
		{D1C5998E-9152-447C-8907-5D384305C15D}.Debug|Any CPU.ActiveCfg = Debug|Any CPU
		{D1C5998E-9152-447C-8907-5D384305C15D}.Debug|Any CPU.Build.0 = Debug|Any CPU
		{D1C5998E-9152-447C-8907-5D384305C15D}.Release|Any CPU.ActiveCfg = Release|Any CPU
		{D1C5998E-9152-447C-8907-5D384305C15D}.Release|Any CPU.Build.0 = Release|Any CPU
	EndGlobalSection
	GlobalSection(SolutionProperties) = preSolution
		HideSolutionNode = FALSE
	EndGlobalSection
	GlobalSection(ExtensibilityGlobals) = postSolution
		SolutionGuid = {4E1449E2-94F7-44DC-B7AA-92A0A4874861}
	EndGlobalSection
EndGlobal
